
Microsoft Visual Studio Solution File, Format Version 12.00
# Visual Studio Version 17
VisualStudioVersion = 17.4.33205.214
MinimumVisualStudioVersion = 10.0.40219.1
Project("{9A19103F-16F7-4668-BE54-9A1E7A4F7556}") = "Jukebox.API", "src\Jukebox.API\Jukebox.API.csproj", "{D66C6288-1951-4F9D-BDD4-82AEA9DB1981}"
EndProject
Project("{9A19103F-16F7-4668-BE54-9A1E7A4F7556}") = "Jukebox.Tests", "tests\Jukebox.Tests\Jukebox.Tests.csproj", "{7AD8E75D-1532-4EE3-928F-8F120A8109D1}"
EndProject
Project("{2150E333-8FDC-42A3-9474-1A3956D46DE8}") = "Files", "Files", "{D6B9FDAF-5444-4371-8E58-E6B631DEA87A}"
	ProjectSection(SolutionItems) = preProject
		diagrama.xml = diagrama.xml
		TextFile1.txt = TextFile1.txt
	EndProjectSection
EndProject
Global
	GlobalSection(SolutionConfigurationPlatforms) = preSolution
		Debug|Any CPU = Debug|Any CPU
		Release|Any CPU = Release|Any CPU
	EndGlobalSection
	GlobalSection(ProjectConfigurationPlatforms) = postSolution
		{D66C6288-1951-4F9D-BDD4-82AEA9DB1981}.Debug|Any CPU.ActiveCfg = Debug|Any CPU
		{D66C6288-1951-4F9D-BDD4-82AEA9DB1981}.Debug|Any CPU.Build.0 = Debug|Any CPU
		{D66C6288-1951-4F9D-BDD4-82AEA9DB1981}.Release|Any CPU.ActiveCfg = Release|Any CPU
		{D66C6288-1951-4F9D-BDD4-82AEA9DB1981}.Release|Any CPU.Build.0 = Release|Any CPU
		{7AD8E75D-1532-4EE3-928F-8F120A8109D1}.Debug|Any CPU.ActiveCfg = Debug|Any CPU
		{7AD8E75D-1532-4EE3-928F-8F120A8109D1}.Debug|Any CPU.Build.0 = Debug|Any CPU
		{7AD8E75D-1532-4EE3-928F-8F120A8109D1}.Release|Any CPU.ActiveCfg = Release|Any CPU
		{7AD8E75D-1532-4EE3-928F-8F120A8109D1}.Release|Any CPU.Build.0 = Release|Any CPU
	EndGlobalSection
	GlobalSection(SolutionProperties) = preSolution
		HideSolutionNode = FALSE
	EndGlobalSection
	GlobalSection(ExtensibilityGlobals) = postSolution
		SolutionGuid = {9AE90F0B-9CB8-4A0E-BD1F-F519CC326B1D}
	EndGlobalSection
EndGlobal
